
Microsoft Visual Studio Solution File, Format Version 12.00
# Visual Studio Version 17
VisualStudioVersion = 17.0.31903.59
MinimumVisualStudioVersion = 10.0.40219.1
Project("{FAE04EC0-301F-11D3-BF4B-00C04F79EFBC}") = "API", "API\API.csproj", "{9163C781-563E-48CD-BF00-7040A771BBAD}"
EndProject
Project("{FAE04EC0-301F-11D3-BF4B-00C04F79EFBC}") = "Core", "Core\Core.csproj", "{435C520B-3C4A-4BE6-A8BD-EB2CC16D5C93}"
EndProject
Project("{FAE04EC0-301F-11D3-BF4B-00C04F79EFBC}") = "Infrastructure", "Infrastructure\Infrastructure.csproj", "{BB76A2AB-DBF4-4F43-B87F-6A5F98F2AB7B}"
EndProject
Global
	GlobalSection(SolutionConfigurationPlatforms) = preSolution
		Debug|Any CPU = Debug|Any CPU
		Release|Any CPU = Release|Any CPU
	EndGlobalSection
	GlobalSection(SolutionProperties) = preSolution
		HideSolutionNode = FALSE
	EndGlobalSection
	GlobalSection(ProjectConfigurationPlatforms) = postSolution
		{9163C781-563E-48CD-BF00-7040A771BBAD}.Debug|Any CPU.ActiveCfg = Debug|Any CPU
		{9163C781-563E-48CD-BF00-7040A771BBAD}.Debug|Any CPU.Build.0 = Debug|Any CPU
		{9163C781-563E-48CD-BF00-7040A771BBAD}.Release|Any CPU.ActiveCfg = Release|Any CPU
		{9163C781-563E-48CD-BF00-7040A771BBAD}.Release|Any CPU.Build.0 = Release|Any CPU
		{435C520B-3C4A-4BE6-A8BD-EB2CC16D5C93}.Debug|Any CPU.ActiveCfg = Debug|Any CPU
		{435C520B-3C4A-4BE6-A8BD-EB2CC16D5C93}.Debug|Any CPU.Build.0 = Debug|Any CPU
		{435C520B-3C4A-4BE6-A8BD-EB2CC16D5C93}.Release|Any CPU.ActiveCfg = Release|Any CPU
		{435C520B-3C4A-4BE6-A8BD-EB2CC16D5C93}.Release|Any CPU.Build.0 = Release|Any CPU
		{BB76A2AB-DBF4-4F43-B87F-6A5F98F2AB7B}.Debug|Any CPU.ActiveCfg = Debug|Any CPU
		{BB76A2AB-DBF4-4F43-B87F-6A5F98F2AB7B}.Debug|Any CPU.Build.0 = Debug|Any CPU
		{BB76A2AB-DBF4-4F43-B87F-6A5F98F2AB7B}.Release|Any CPU.ActiveCfg = Release|Any CPU
		{BB76A2AB-DBF4-4F43-B87F-6A5F98F2AB7B}.Release|Any CPU.Build.0 = Release|Any CPU
	EndGlobalSection
EndGlobal
